// !$*UTF8*$!
{
	archiveVersion = 1;
	classes = {
	};
	objectVersion = 77;
	objects = {

/* Begin PBXBuildFile section */
		3294E9DF2F8E5D9400F4BA51 /* AppDelegate.swift in Sources */ = {isa = PBXBuildFile; fileRef = 3294E9DE2F8E5D9400F4BA51 /* AppDelegate.swift */; };
		3294E9E12F8E5D9400F4BA51 /* SceneDelegate.swift in Sources */ = {isa = PBXBuildFile; fileRef = 3294E9E02F8E5D9400F4BA51 /* SceneDelegate.swift */; };
		3294E9E42F8E5D9400F4BA51 /* LaunchScreen.storyboard in Resources */ = {isa = PBXBuildFile; fileRef = 3294E9E22F8E5D9400F4BA51 /* LaunchScreen.storyboard */; };
		3294E9E72F8E5D9400F4BA51 /* Main.storyboard in Resources */ = {isa = PBXBuildFile; fileRef = 3294E9E52F8E5D9400F4BA51 /* Main.storyboard */; };
		3294E9F02F8E5D9400F4BA51 /* AppDelegate.swift in Sources */ = {isa = PBXBuildFile; fileRef = 3294E9EF2F8E5D9400F4BA51 /* AppDelegate.swift */; };
		3294E9F32F8E5D9400F4BA51 /* Main.storyboard in Resources */ = {isa = PBXBuildFile; fileRef = 3294E9F12F8E5D9400F4BA51 /* Main.storyboard */; };
		3294E9FA2F8E5D9400F4BA51 /* FlowTones Extension.appex in Embed Foundation Extensions */ = {isa = PBXBuildFile; fileRef = 3294E9F92F8E5D9400F4BA51 /* FlowTones Extension.appex */; settings = {ATTRIBUTES = (RemoveHeadersOnCopy, ); }; };
		3294EA042F8E5D9400F4BA51 /* FlowTones Extension.appex in Embed Foundation Extensions */ = {isa = PBXBuildFile; fileRef = 3294EA032F8E5D9400F4BA51 /* FlowTones Extension.appex */; settings = {ATTRIBUTES = (RemoveHeadersOnCopy, ); }; };
		3294EA092F8E5D9400F4BA51 /* Main.html in Resources */ = {isa = PBXBuildFile; fileRef = 3294E9CE2F8E5D9300F4BA51 /* Main.html */; };
		3294EA0A2F8E5D9400F4BA51 /* Main.html in Resources */ = {isa = PBXBuildFile; fileRef = 3294E9CE2F8E5D9300F4BA51 /* Main.html */; };
		3294EA0B2F8E5D9400F4BA51 /* Icon.png in Resources */ = {isa = PBXBuildFile; fileRef = 3294E9D02F8E5D9300F4BA51 /* Icon.png */; };
		3294EA0C2F8E5D9400F4BA51 /* Icon.png in Resources */ = {isa = PBXBuildFile; fileRef = 3294E9D02F8E5D9300F4BA51 /* Icon.png */; };
		3294EA0D2F8E5D9400F4BA51 /* Style.css in Resources */ = {isa = PBXBuildFile; fileRef = 3294E9D12F8E5D9300F4BA51 /* Style.css */; };
		3294EA0E2F8E5D9400F4BA51 /* Style.css in Resources */ = {isa = PBXBuildFile; fileRef = 3294E9D12F8E5D9300F4BA51 /* Style.css */; };
		3294EA0F2F8E5D9400F4BA51 /* Script.js in Resources */ = {isa = PBXBuildFile; fileRef = 3294E9D22F8E5D9300F4BA51 /* Script.js */; };
		3294EA102F8E5D9400F4BA51 /* Script.js in Resources */ = {isa = PBXBuildFile; fileRef = 3294E9D22F8E5D9300F4BA51 /* Script.js */; };
		3294EA112F8E5D9400F4BA51 /* ViewController.swift in Sources */ = {isa = PBXBuildFile; fileRef = 3294E9D32F8E5D9300F4BA51 /* ViewController.swift */; };
		3294EA122F8E5D9400F4BA51 /* ViewController.swift in Sources */ = {isa = PBXBuildFile; fileRef = 3294E9D32F8E5D9300F4BA51 /* ViewController.swift */; };
		3294EA132F8E5D9400F4BA51 /* Assets.xcassets in Resources */ = {isa = PBXBuildFile; fileRef = 3294E9D42F8E5D9300F4BA51 /* Assets.xcassets */; };
		3294EA142F8E5D9400F4BA51 /* Assets.xcassets in Resources */ = {isa = PBXBuildFile; fileRef = 3294E9D42F8E5D9300F4BA51 /* Assets.xcassets */; };
		3294EA152F8E5D9400F4BA51 /* SafariWebExtensionHandler.swift in Sources */ = {isa = PBXBuildFile; fileRef = 3294E9D62F8E5D9300F4BA51 /* SafariWebExtensionHandler.swift */; };
		3294EA162F8E5D9400F4BA51 /* SafariWebExtensionHandler.swift in Sources */ = {isa = PBXBuildFile; fileRef = 3294E9D62F8E5D9300F4BA51 /* SafariWebExtensionHandler.swift */; };
		3294EA372F8E5D9400F4BA51 /* popup.js in Resources */ = {isa = PBXBuildFile; fileRef = 3294EA282F8E5D9400F4BA51 /* popup.js */; };
		3294EA382F8E5D9400F4BA51 /* popup-model.js in Resources */ = {isa = PBXBuildFile; fileRef = 3294EA292F8E5D9400F4BA51 /* popup-model.js */; };
		3294EA392F8E5D9400F4BA51 /* background.js in Resources */ = {isa = PBXBuildFile; fileRef = 3294EA2A2F8E5D9400F4BA51 /* background.js */; };
		3294EA3A2F8E5D9400F4BA51 /* dist in Resources */ = {isa = PBXBuildFile; fileRef = 3294EA2B2F8E5D9400F4BA51 /* dist */; };
		3294EA3B2F8E5D9400F4BA51 /* content-script-runtime.js in Resources */ = {isa = PBXBuildFile; fileRef = 3294EA2C2F8E5D9400F4BA51 /* content-script-runtime.js */; };
		3294EA3C2F8E5D9400F4BA51 /* popup.html in Resources */ = {isa = PBXBuildFile; fileRef = 3294EA2D2F8E5D9400F4BA51 /* popup.html */; };
		3294EA3D2F8E5D9400F4BA51 /* node_modules in Resources */ = {isa = PBXBuildFile; fileRef = 3294EA2E2F8E5D9400F4BA51 /* node_modules */; };
		3294EA3E2F8E5D9400F4BA51 /* scaffold.test.js in Resources */ = {isa = PBXBuildFile; fileRef = 3294EA2F2F8E5D9400F4BA51 /* scaffold.test.js */; };
		3294EA3F2F8E5D9400F4BA51 /* package-lock.json in Resources */ = {isa = PBXBuildFile; fileRef = 3294EA302F8E5D9400F4BA51 /* package-lock.json */; };
		3294EA402F8E5D9400F4BA51 /* package.json in Resources */ = {isa = PBXBuildFile; fileRef = 3294EA312F8E5D9400F4BA51 /* package.json */; };
		3294EA412F8E5D9400F4BA51 /* content_script.js in Resources */ = {isa = PBXBuildFile; fileRef = 3294EA322F8E5D9400F4BA51 /* content_script.js */; };
		3294EA422F8E5D9400F4BA51 /* icons in Resources */ = {isa = PBXBuildFile; fileRef = 3294EA332F8E5D9400F4BA51 /* icons */; };
		3294EA432F8E5D9400F4BA51 /* manifest.json in Resources */ = {isa = PBXBuildFile; fileRef = 3294EA342F8E5D9400F4BA51 /* manifest.json */; };
		3294EA442F8E5D9400F4BA51 /* popup.test.js in Resources */ = {isa = PBXBuildFile; fileRef = 3294EA352F8E5D9400F4BA51 /* popup.test.js */; };
		3294EA452F8E5D9400F4BA51 /* content-script-runtime.test.js in Resources */ = {isa = PBXBuildFile; fileRef = 3294EA362F8E5D9400F4BA51 /* content-script-runtime.test.js */; };
		3294EA462F8E5D9400F4BA51 /* popup.js in Resources */ = {isa = PBXBuildFile; fileRef = 3294EA282F8E5D9400F4BA51 /* popup.js */; };
		3294EA472F8E5D9400F4BA51 /* popup-model.js in Resources */ = {isa = PBXBuildFile; fileRef = 3294EA292F8E5D9400F4BA51 /* popup-model.js */; };
		3294EA482F8E5D9400F4BA51 /* background.js in Resources */ = {isa = PBXBuildFile; fileRef = 3294EA2A2F8E5D9400F4BA51 /* background.js */; };
		3294EA492F8E5D9400F4BA51 /* dist in Resources */ = {isa = PBXBuildFile; fileRef = 3294EA2B2F8E5D9400F4BA51 /* dist */; };
		3294EA4A2F8E5D9400F4BA51 /* content-script-runtime.js in Resources */ = {isa = PBXBuildFile; fileRef = 3294EA2C2F8E5D9400F4BA51 /* content-script-runtime.js */; };
		3294EA4B2F8E5D9400F4BA51 /* popup.html in Resources */ = {isa = PBXBuildFile; fileRef = 3294EA2D2F8E5D9400F4BA51 /* popup.html */; };
		3294EA4C2F8E5D9400F4BA51 /* node_modules in Resources */ = {isa = PBXBuildFile; fileRef = 3294EA2E2F8E5D9400F4BA51 /* node_modules */; };
		3294EA4D2F8E5D9400F4BA51 /* scaffold.test.js in Resources */ = {isa = PBXBuildFile; fileRef = 3294EA2F2F8E5D9400F4BA51 /* scaffold.test.js */; };
		3294EA4E2F8E5D9400F4BA51 /* package-lock.json in Resources */ = {isa = PBXBuildFile; fileRef = 3294EA302F8E5D9400F4BA51 /* package-lock.json */; };
		3294EA4F2F8E5D9400F4BA51 /* package.json in Resources */ = {isa = PBXBuildFile; fileRef = 3294EA312F8E5D9400F4BA51 /* package.json */; };
		3294EA502F8E5D9400F4BA51 /* content_script.js in Resources */ = {isa = PBXBuildFile; fileRef = 3294EA322F8E5D9400F4BA51 /* content_script.js */; };
		3294EA512F8E5D9400F4BA51 /* icons in Resources */ = {isa = PBXBuildFile; fileRef = 3294EA332F8E5D9400F4BA51 /* icons */; };
		3294EA522F8E5D9400F4BA51 /* manifest.json in Resources */ = {isa = PBXBuildFile; fileRef = 3294EA342F8E5D9400F4BA51 /* manifest.json */; };
		3294EA532F8E5D9400F4BA51 /* popup.test.js in Resources */ = {isa = PBXBuildFile; fileRef = 3294EA352F8E5D9400F4BA51 /* popup.test.js */; };
		3294EA542F8E5D9400F4BA51 /* content-script-runtime.test.js in Resources */ = {isa = PBXBuildFile; fileRef = 3294EA362F8E5D9400F4BA51 /* content-script-runtime.test.js */; };
		3294EA552F8E5D9400F4BA51 /* FlowTonesPopoverView.swift in Sources */ = {isa = PBXBuildFile; fileRef = 3294EA652F8E5D9400F4BA51 /* FlowTonesPopoverView.swift */; };
		3294EA562F8E5D9400F4BA51 /* MacMenuCommands.swift in Sources */ = {isa = PBXBuildFile; fileRef = 3294EA662F8E5D9400F4BA51 /* MacMenuCommands.swift */; };
		3294EA572F8E5D9400F4BA51 /* AudioManager.swift in Sources */ = {isa = PBXBuildFile; fileRef = 3294EA672F8E5D9400F4BA51 /* AudioManager.swift */; };
		3294EA582F8E5D9400F4BA51 /* PlayerManager.swift in Sources */ = {isa = PBXBuildFile; fileRef = 3294EA682F8E5D9400F4BA51 /* PlayerManager.swift */; };
		3294EA592F8E5D9400F4BA51 /* ModeCard.swift in Sources */ = {isa = PBXBuildFile; fileRef = 3294EA692F8E5D9400F4BA51 /* ModeCard.swift */; };
		3294EA5A2F8E5D9400F4BA51 /* FlowMode+UI.swift in Sources */ = {isa = PBXBuildFile; fileRef = 3294EA6A2F8E5D9400F4BA51 /* FlowMode+UI.swift */; };
		3294EA5B2F8E5D9400F4BA51 /* Color+Hex.swift in Sources */ = {isa = PBXBuildFile; fileRef = 3294EA6B2F8E5D9400F4BA51 /* Color+Hex.swift */; };
		3294EA5C2F8E5D9400F4BA51 /* BeatEngine.swift in Sources */ = {isa = PBXBuildFile; fileRef = 3294EA6C2F8E5D9400F4BA51 /* BeatEngine.swift */; };
/* End PBXBuildFile section */

/* Begin PBXContainerItemProxy section */
		3294E9FB2F8E5D9400F4BA51 /* PBXContainerItemProxy */ = {
			isa = PBXContainerItemProxy;
			containerPortal = 3294E9C82F8E5D9300F4BA51 /* Project object */;
			proxyType = 1;
			remoteGlobalIDString = 3294E9F82F8E5D9400F4BA51;
			remoteInfo = "FlowTones Extension (iOS)";
		};
		3294EA052F8E5D9400F4BA51 /* PBXContainerItemProxy */ = {
			isa = PBXContainerItemProxy;
			containerPortal = 3294E9C82F8E5D9300F4BA51 /* Project object */;
			proxyType = 1;
			remoteGlobalIDString = 3294EA022F8E5D9400F4BA51;
			remoteInfo = "FlowTones Extension (macOS)";
		};
/* End PBXContainerItemProxy section */

/* Begin PBXCopyFilesBuildPhase section */
		3294EA1C2F8E5D9400F4BA51 /* Embed Foundation Extensions */ = {
			isa = PBXCopyFilesBuildPhase;
			buildActionMask = 2147483647;
			dstPath = "";
			dstSubfolderSpec = 13;
			files = (
				3294E9FA2F8E5D9400F4BA51 /* FlowTones Extension.appex in Embed Foundation Extensions */,
			);
			name = "Embed Foundation Extensions";
			runOnlyForDeploymentPostprocessing = 0;
		};
		3294EA232F8E5D9400F4BA51 /* Embed Foundation Extensions */ = {
			isa = PBXCopyFilesBuildPhase;
			buildActionMask = 2147483647;
			dstPath = "";
			dstSubfolderSpec = 13;
			files = (
				3294EA042F8E5D9400F4BA51 /* FlowTones Extension.appex in Embed Foundation Extensions */,
			);
			name = "Embed Foundation Extensions";
			runOnlyForDeploymentPostprocessing = 0;
		};
/* End PBXCopyFilesBuildPhase section */

/* Begin PBXFileReference section */
		3294E9CF2F8E5D9300F4BA51 /* Base */ = {isa = PBXFileReference; lastKnownFileType = text.html; name = Base; path = Base.lproj/Main.html; sourceTree = "<group>"; };
		3294E9D02F8E5D9300F4BA51 /* Icon.png */ = {isa = PBXFileReference; lastKnownFileType = image.png; path = Icon.png; sourceTree = "<group>"; };
		3294E9D12F8E5D9300F4BA51 /* Style.css */ = {isa = PBXFileReference; lastKnownFileType = text.css; path = Style.css; sourceTree = "<group>"; };
		3294E9D22F8E5D9300F4BA51 /* Script.js */ = {isa = PBXFileReference; lastKnownFileType = sourcecode.javascript; path = Script.js; sourceTree = "<group>"; };
		3294E9D32F8E5D9300F4BA51 /* ViewController.swift */ = {isa = PBXFileReference; lastKnownFileType = sourcecode.swift; path = ViewController.swift; sourceTree = "<group>"; };
		3294E9D42F8E5D9300F4BA51 /* Assets.xcassets */ = {isa = PBXFileReference; lastKnownFileType = folder.assetcatalog; path = Assets.xcassets; sourceTree = "<group>"; };
		3294E9D62F8E5D9300F4BA51 /* SafariWebExtensionHandler.swift */ = {isa = PBXFileReference; lastKnownFileType = sourcecode.swift; path = SafariWebExtensionHandler.swift; sourceTree = "<group>"; };
		3294E9DB2F8E5D9400F4BA51 /* FlowTones.app */ = {isa = PBXFileReference; explicitFileType = wrapper.application; includeInIndex = 0; path = FlowTones.app; sourceTree = BUILT_PRODUCTS_DIR; };
		3294E9DE2F8E5D9400F4BA51 /* AppDelegate.swift */ = {isa = PBXFileReference; lastKnownFileType = sourcecode.swift; path = AppDelegate.swift; sourceTree = "<group>"; };
		3294E9E02F8E5D9400F4BA51 /* SceneDelegate.swift */ = {isa = PBXFileReference; lastKnownFileType = sourcecode.swift; path = SceneDelegate.swift; sourceTree = "<group>"; };
		3294E9E32F8E5D9400F4BA51 /* Base */ = {isa = PBXFileReference; lastKnownFileType = file.storyboard; name = Base; path = Base.lproj/LaunchScreen.storyboard; sourceTree = "<group>"; };
		3294E9E62F8E5D9400F4BA51 /* Base */ = {isa = PBXFileReference; lastKnownFileType = file.storyboard; name = Base; path = Base.lproj/Main.storyboard; sourceTree = "<group>"; };
		3294E9E82F8E5D9400F4BA51 /* Info.plist */ = {isa = PBXFileReference; lastKnownFileType = text.plist.xml; path = Info.plist; sourceTree = "<group>"; };
		3294E9ED2F8E5D9400F4BA51 /* FlowTones.app */ = {isa = PBXFileReference; explicitFileType = wrapper.application; includeInIndex = 0; path = FlowTones.app; sourceTree = BUILT_PRODUCTS_DIR; };
		3294E9EF2F8E5D9400F4BA51 /* AppDelegate.swift */ = {isa = PBXFileReference; lastKnownFileType = sourcecode.swift; path = AppDelegate.swift; sourceTree = "<group>"; };
		3294E9F22F8E5D9400F4BA51 /* Base */ = {isa = PBXFileReference; lastKnownFileType = file.storyboard; name = Base; path = Base.lproj/Main.storyboard; sourceTree = "<group>"; };
		3294E9F42F8E5D9400F4BA51 /* Info.plist */ = {isa = PBXFileReference; lastKnownFileType = text.plist.xml; path = Info.plist; sourceTree = "<group>"; };
		3294E9F92F8E5D9400F4BA51 /* FlowTones Extension.appex */ = {isa = PBXFileReference; explicitFileType = "wrapper.app-extension"; includeInIndex = 0; path = "FlowTones Extension.appex"; sourceTree = BUILT_PRODUCTS_DIR; };
		3294E9FE2F8E5D9400F4BA51 /* Info.plist */ = {isa = PBXFileReference; lastKnownFileType = text.plist.xml; path = Info.plist; sourceTree = "<group>"; };
		3294EA032F8E5D9400F4BA51 /* FlowTones Extension.appex */ = {isa = PBXFileReference; explicitFileType = "wrapper.app-extension"; includeInIndex = 0; path = "FlowTones Extension.appex"; sourceTree = BUILT_PRODUCTS_DIR; };
		3294EA082F8E5D9400F4BA51 /* Info.plist */ = {isa = PBXFileReference; lastKnownFileType = text.plist.xml; path = Info.plist; sourceTree = "<group>"; };
		3294EA282F8E5D9400F4BA51 /* popup.js */ = {isa = PBXFileReference; lastKnownFileType = sourcecode.javascript; name = popup.js; path = "../../../chrome-extension/popup.js"; sourceTree = "<group>"; };
		3294EA292F8E5D9400F4BA51 /* popup-model.js */ = {isa = PBXFileReference; lastKnownFileType = sourcecode.javascript; name = "popup-model.js"; path = "../../../chrome-extension/popup-model.js"; sourceTree = "<group>"; };
		3294EA2A2F8E5D9400F4BA51 /* background.js */ = {isa = PBXFileReference; lastKnownFileType = sourcecode.javascript; name = background.js; path = "../../../chrome-extension/background.js"; sourceTree = "<group>"; };
		3294EA2B2F8E5D9400F4BA51 /* dist */ = {isa = PBXFileReference; lastKnownFileType = folder; name = dist; path = "../../../chrome-extension/dist"; sourceTree = "<group>"; };
		3294EA2C2F8E5D9400F4BA51 /* content-script-runtime.js */ = {isa = PBXFileReference; lastKnownFileType = sourcecode.javascript; name = "content-script-runtime.js"; path = "../../../chrome-extension/content-script-runtime.js"; sourceTree = "<group>"; };
		3294EA2D2F8E5D9400F4BA51 /* popup.html */ = {isa = PBXFileReference; lastKnownFileType = text.html; name = popup.html; path = "../../../chrome-extension/popup.html"; sourceTree = "<group>"; };
		3294EA2E2F8E5D9400F4BA51 /* node_modules */ = {isa = PBXFileReference; lastKnownFileType = folder; name = node_modules; path = "../../../chrome-extension/node_modules"; sourceTree = "<group>"; };
		3294EA2F2F8E5D9400F4BA51 /* scaffold.test.js */ = {isa = PBXFileReference; lastKnownFileType = sourcecode.javascript; name = scaffold.test.js; path = "../../../chrome-extension/scaffold.test.js"; sourceTree = "<group>"; };
		3294EA302F8E5D9400F4BA51 /* package-lock.json */ = {isa = PBXFileReference; lastKnownFileType = text.json; name = "package-lock.json"; path = "../../../chrome-extension/package-lock.json"; sourceTree = "<group>"; };
		3294EA312F8E5D9400F4BA51 /* package.json */ = {isa = PBXFileReference; lastKnownFileType = text.json; name = package.json; path = "../../../chrome-extension/package.json"; sourceTree = "<group>"; };
		3294EA322F8E5D9400F4BA51 /* content_script.js */ = {isa = PBXFileReference; lastKnownFileType = sourcecode.javascript; name = content_script.js; path = "../../../chrome-extension/content_script.js"; sourceTree = "<group>"; };
		3294EA332F8E5D9400F4BA51 /* icons */ = {isa = PBXFileReference; lastKnownFileType = folder; name = icons; path = "../../../chrome-extension/icons"; sourceTree = "<group>"; };
		3294EA342F8E5D9400F4BA51 /* manifest.json */ = {isa = PBXFileReference; lastKnownFileType = text.json; name = manifest.json; path = "../../../chrome-extension/manifest.json"; sourceTree = "<group>"; };
		3294EA352F8E5D9400F4BA51 /* popup.test.js */ = {isa = PBXFileReference; lastKnownFileType = sourcecode.javascript; name = popup.test.js; path = "../../../chrome-extension/popup.test.js"; sourceTree = "<group>"; };
		3294EA362F8E5D9400F4BA51 /* content-script-runtime.test.js */ = {isa = PBXFileReference; lastKnownFileType = sourcecode.javascript; name = "content-script-runtime.test.js"; path = "../../../chrome-extension/content-script-runtime.test.js"; sourceTree = "<group>"; };
		3294EA652F8E5D9400F4BA51 /* FlowTonesPopoverView.swift */ = {isa = PBXFileReference; lastKnownFileType = sourcecode.swift; path = FlowTonesPopoverView.swift; sourceTree = "<group>"; };
		3294EA662F8E5D9400F4BA51 /* MacMenuCommands.swift */ = {isa = PBXFileReference; lastKnownFileType = sourcecode.swift; path = MacMenuCommands.swift; sourceTree = "<group>"; };
		3294EA672F8E5D9400F4BA51 /* AudioManager.swift */ = {isa = PBXFileReference; lastKnownFileType = sourcecode.swift; path = AudioManager.swift; sourceTree = "<group>"; };
		3294EA682F8E5D9400F4BA51 /* PlayerManager.swift */ = {isa = PBXFileReference; lastKnownFileType = sourcecode.swift; path = PlayerManager.swift; sourceTree = "<group>"; };
		3294EA692F8E5D9400F4BA51 /* ModeCard.swift */ = {isa = PBXFileReference; lastKnownFileType = sourcecode.swift; path = ModeCard.swift; sourceTree = "<group>"; };
		3294EA6A2F8E5D9400F4BA51 /* FlowMode+UI.swift */ = {isa = PBXFileReference; lastKnownFileType = sourcecode.swift; path = "FlowMode+UI.swift"; sourceTree = "<group>"; };
		3294EA6B2F8E5D9400F4BA51 /* Color+Hex.swift */ = {isa = PBXFileReference; lastKnownFileType = sourcecode.swift; path = "Color+Hex.swift"; sourceTree = "<group>"; };
		3294EA6C2F8E5D9400F4BA51 /* BeatEngine.swift */ = {isa = PBXFileReference; lastKnownFileType = sourcecode.swift; path = BeatEngine.swift; sourceTree = "<group>"; };
/* End PBXFileReference section */

/* Begin PBXFrameworksBuildPhase section */
		3294E9D82F8E5D9300F4BA51 /* Frameworks */ = {
			isa = PBXFrameworksBuildPhase;
			buildActionMask = 2147483647;
			files = (
			);
			runOnlyForDeploymentPostprocessing = 0;
		};
		3294E9EA2F8E5D9400F4BA51 /* Frameworks */ = {
			isa = PBXFrameworksBuildPhase;
			buildActionMask = 2147483647;
			files = (
			);
			runOnlyForDeploymentPostprocessing = 0;
		};
		3294E9F62F8E5D9400F4BA51 /* Frameworks */ = {
			isa = PBXFrameworksBuildPhase;
			buildActionMask = 2147483647;
			files = (
			);
			runOnlyForDeploymentPostprocessing = 0;
		};
		3294EA002F8E5D9400F4BA51 /* Frameworks */ = {
			isa = PBXFrameworksBuildPhase;
			buildActionMask = 2147483647;
			files = (
			);
			runOnlyForDeploymentPostprocessing = 0;
		};
/* End PBXFrameworksBuildPhase section */

/* Begin PBXGroup section */
		3294E9C72F8E5D9300F4BA51 = {
			isa = PBXGroup;
			children = (
				3294E9CC2F8E5D9300F4BA51 /* Shared (App) */,
				3294E9D52F8E5D9300F4BA51 /* Shared (Extension) */,
				3294E9DD2F8E5D9400F4BA51 /* iOS (App) */,
				3294E9EE2F8E5D9400F4BA51 /* macOS (App) */,
				3294E9FD2F8E5D9400F4BA51 /* iOS (Extension) */,
				3294EA072F8E5D9400F4BA51 /* macOS (Extension) */,
				3294E9DC2F8E5D9400F4BA51 /* Products */,
			);
			sourceTree = "<group>";
		};
		3294E9CC2F8E5D9300F4BA51 /* Shared (App) */ = {
			isa = PBXGroup;
			children = (
				3294E9D32F8E5D9300F4BA51 /* ViewController.swift */,
				3294E9D42F8E5D9300F4BA51 /* Assets.xcassets */,
				3294E9CD2F8E5D9300F4BA51 /* Resources */,
			);
			path = "Shared (App)";
			sourceTree = "<group>";
		};
		3294E9CD2F8E5D9300F4BA51 /* Resources */ = {
			isa = PBXGroup;
			children = (
				3294E9CE2F8E5D9300F4BA51 /* Main.html */,
				3294E9D02F8E5D9300F4BA51 /* Icon.png */,
				3294E9D12F8E5D9300F4BA51 /* Style.css */,
				3294E9D22F8E5D9300F4BA51 /* Script.js */,
			);
			path = Resources;
			sourceTree = "<group>";
		};
		3294E9D52F8E5D9300F4BA51 /* Shared (Extension) */ = {
			isa = PBXGroup;
			children = (
				3294EA272F8E5D9400F4BA51 /* Resources */,
				3294E9D62F8E5D9300F4BA51 /* SafariWebExtensionHandler.swift */,
			);
			path = "Shared (Extension)";
			sourceTree = "<group>";
		};
		3294E9DC2F8E5D9400F4BA51 /* Products */ = {
			isa = PBXGroup;
			children = (
				3294E9DB2F8E5D9400F4BA51 /* FlowTones.app */,
				3294E9ED2F8E5D9400F4BA51 /* FlowTones.app */,
				3294E9F92F8E5D9400F4BA51 /* FlowTones Extension.appex */,
				3294EA032F8E5D9400F4BA51 /* FlowTones Extension.appex */,
			);
			name = Products;
			sourceTree = "<group>";
		};
		3294E9DD2F8E5D9400F4BA51 /* iOS (App) */ = {
			isa = PBXGroup;
			children = (
				3294E9DE2F8E5D9400F4BA51 /* AppDelegate.swift */,
				3294E9E02F8E5D9400F4BA51 /* SceneDelegate.swift */,
				3294E9E22F8E5D9400F4BA51 /* LaunchScreen.storyboard */,
				3294E9E52F8E5D9400F4BA51 /* Main.storyboard */,
				3294E9E82F8E5D9400F4BA51 /* Info.plist */,
			);
			path = "iOS (App)";
			sourceTree = "<group>";
		};
		3294E9EE2F8E5D9400F4BA51 /* macOS (App) */ = {
			isa = PBXGroup;
			children = (
				3294E9EF2F8E5D9400F4BA51 /* AppDelegate.swift */,
				3294EA652F8E5D9400F4BA51 /* FlowTonesPopoverView.swift */,
				3294EA662F8E5D9400F4BA51 /* MacMenuCommands.swift */,
				3294EA672F8E5D9400F4BA51 /* AudioManager.swift */,
				3294EA682F8E5D9400F4BA51 /* PlayerManager.swift */,
				3294EA692F8E5D9400F4BA51 /* ModeCard.swift */,
				3294EA6A2F8E5D9400F4BA51 /* FlowMode+UI.swift */,
				3294EA6B2F8E5D9400F4BA51 /* Color+Hex.swift */,
				3294EA6C2F8E5D9400F4BA51 /* BeatEngine.swift */,
				3294E9F12F8E5D9400F4BA51 /* Main.storyboard */,
				3294E9F42F8E5D9400F4BA51 /* Info.plist */,
			);
			path = "macOS (App)";
			sourceTree = "<group>";
		};
		3294E9FD2F8E5D9400F4BA51 /* iOS (Extension) */ = {
			isa = PBXGroup;
			children = (
				3294E9FE2F8E5D9400F4BA51 /* Info.plist */,
			);
			path = "iOS (Extension)";
			sourceTree = "<group>";
		};
		3294EA072F8E5D9400F4BA51 /* macOS (Extension) */ = {
			isa = PBXGroup;
			children = (
				3294EA082F8E5D9400F4BA51 /* Info.plist */,
			);
			path = "macOS (Extension)";
			sourceTree = "<group>";
		};
		3294EA272F8E5D9400F4BA51 /* Resources */ = {
			isa = PBXGroup;
			children = (
				3294EA282F8E5D9400F4BA51 /* popup.js */,
				3294EA292F8E5D9400F4BA51 /* popup-model.js */,
				3294EA2A2F8E5D9400F4BA51 /* background.js */,
				3294EA2B2F8E5D9400F4BA51 /* dist */,
				3294EA2C2F8E5D9400F4BA51 /* content-script-runtime.js */,
				3294EA2D2F8E5D9400F4BA51 /* popup.html */,
				3294EA2E2F8E5D9400F4BA51 /* node_modules */,
				3294EA2F2F8E5D9400F4BA51 /* scaffold.test.js */,
				3294EA302F8E5D9400F4BA51 /* package-lock.json */,
				3294EA312F8E5D9400F4BA51 /* package.json */,
				3294EA322F8E5D9400F4BA51 /* content_script.js */,
				3294EA332F8E5D9400F4BA51 /* icons */,
				3294EA342F8E5D9400F4BA51 /* manifest.json */,
				3294EA352F8E5D9400F4BA51 /* popup.test.js */,
				3294EA362F8E5D9400F4BA51 /* content-script-runtime.test.js */,
			);
			name = Resources;
			path = "Shared (Extension)";
			sourceTree = SOURCE_ROOT;
		};
/* End PBXGroup section */

/* Begin PBXNativeTarget section */
		3294E9DA2F8E5D9300F4BA51 /* FlowTones (iOS) */ = {
			isa = PBXNativeTarget;
			buildConfigurationList = 3294EA1D2F8E5D9400F4BA51 /* Build configuration list for PBXNativeTarget "FlowTones (iOS)" */;
			buildPhases = (
				3294E9D72F8E5D9300F4BA51 /* Sources */,
				3294E9D82F8E5D9300F4BA51 /* Frameworks */,
				3294E9D92F8E5D9300F4BA51 /* Resources */,
				3294EA1C2F8E5D9400F4BA51 /* Embed Foundation Extensions */,
			);
			buildRules = (
			);
			dependencies = (
				3294E9FC2F8E5D9400F4BA51 /* PBXTargetDependency */,
			);
			name = "FlowTones (iOS)";
			packageProductDependencies = (
			);
			productName = "FlowTones (iOS)";
			productReference = 3294E9DB2F8E5D9400F4BA51 /* FlowTones.app */;
			productType = "com.apple.product-type.application";
		};
		3294E9EC2F8E5D9400F4BA51 /* FlowTones (macOS) */ = {
			isa = PBXNativeTarget;
			buildConfigurationList = 3294EA242F8E5D9400F4BA51 /* Build configuration list for PBXNativeTarget "FlowTones (macOS)" */;
			buildPhases = (
				3294E9E92F8E5D9400F4BA51 /* Sources */,
				3294E9EA2F8E5D9400F4BA51 /* Frameworks */,
				3294E9EB2F8E5D9400F4BA51 /* Resources */,
				3294EA232F8E5D9400F4BA51 /* Embed Foundation Extensions */,
			);
			buildRules = (
			);
			dependencies = (
				3294EA062F8E5D9400F4BA51 /* PBXTargetDependency */,
			);
			name = "FlowTones (macOS)";
			packageProductDependencies = (
			);
			productName = "FlowTones (macOS)";
			productReference = 3294E9ED2F8E5D9400F4BA51 /* FlowTones.app */;
			productType = "com.apple.product-type.application";
		};
		3294E9F82F8E5D9400F4BA51 /* FlowTones Extension (iOS) */ = {
			isa = PBXNativeTarget;
			buildConfigurationList = 3294EA192F8E5D9400F4BA51 /* Build configuration list for PBXNativeTarget "FlowTones Extension (iOS)" */;
			buildPhases = (
				3294E9F52F8E5D9400F4BA51 /* Sources */,
				3294E9F62F8E5D9400F4BA51 /* Frameworks */,
				3294E9F72F8E5D9400F4BA51 /* Resources */,
			);
			buildRules = (
			);
			dependencies = (
			);
			name = "FlowTones Extension (iOS)";
			packageProductDependencies = (
			);
			productName = "FlowTones Extension (iOS)";
			productReference = 3294E9F92F8E5D9400F4BA51 /* FlowTones Extension.appex */;
			productType = "com.apple.product-type.app-extension";
		};
		3294EA022F8E5D9400F4BA51 /* FlowTones Extension (macOS) */ = {
			isa = PBXNativeTarget;
			buildConfigurationList = 3294EA202F8E5D9400F4BA51 /* Build configuration list for PBXNativeTarget "FlowTones Extension (macOS)" */;
			buildPhases = (
				3294E9FF2F8E5D9400F4BA51 /* Sources */,
				3294EA002F8E5D9400F4BA51 /* Frameworks */,
				3294EA012F8E5D9400F4BA51 /* Resources */,
			);
			buildRules = (
			);
			dependencies = (
			);
			name = "FlowTones Extension (macOS)";
			packageProductDependencies = (
			);
			productName = "FlowTones Extension (macOS)";
			productReference = 3294EA032F8E5D9400F4BA51 /* FlowTones Extension.appex */;
			productType = "com.apple.product-type.app-extension";
		};
/* End PBXNativeTarget section */

/* Begin PBXProject section */
		3294E9C82F8E5D9300F4BA51 /* Project object */ = {
			isa = PBXProject;
			attributes = {
				BuildIndependentTargetsInParallel = 1;
				LastSwiftUpdateCheck = 2640;
				LastUpgradeCheck = 2640;
				TargetAttributes = {
					3294E9DA2F8E5D9300F4BA51 = {
						CreatedOnToolsVersion = 26.4;
					};
					3294E9EC2F8E5D9400F4BA51 = {
						CreatedOnToolsVersion = 26.4;
					};
					3294E9F82F8E5D9400F4BA51 = {
						CreatedOnToolsVersion = 26.4;
					};
					3294EA022F8E5D9400F4BA51 = {
						CreatedOnToolsVersion = 26.4;
					};
				};
			};
			buildConfigurationList = 3294E9CB2F8E5D9300F4BA51 /* Build configuration list for PBXProject "FlowTones" */;
			developmentRegion = en;
			hasScannedForEncodings = 0;
			knownRegions = (
				en,
				Base,
			);
			mainGroup = 3294E9C72F8E5D9300F4BA51;
			minimizedProjectReferenceProxies = 1;
			preferredProjectObjectVersion = 77;
			productRefGroup = 3294E9DC2F8E5D9400F4BA51 /* Products */;
			projectDirPath = "";
			projectRoot = "";
			targets = (
				3294E9DA2F8E5D9300F4BA51 /* FlowTones (iOS) */,
				3294E9EC2F8E5D9400F4BA51 /* FlowTones (macOS) */,
				3294E9F82F8E5D9400F4BA51 /* FlowTones Extension (iOS) */,
				3294EA022F8E5D9400F4BA51 /* FlowTones Extension (macOS) */,
			);
		};
/* End PBXProject section */

/* Begin PBXResourcesBuildPhase section */
		3294E9D92F8E5D9300F4BA51 /* Resources */ = {
			isa = PBXResourcesBuildPhase;
			buildActionMask = 2147483647;
			files = (
				3294EA0B2F8E5D9400F4BA51 /* Icon.png in Resources */,
				3294E9E42F8E5D9400F4BA51 /* LaunchScreen.storyboard in Resources */,
				3294EA092F8E5D9400F4BA51 /* Main.html in Resources */,
				3294EA0F2F8E5D9400F4BA51 /* Script.js in Resources */,
				3294EA132F8E5D9400F4BA51 /* Assets.xcassets in Resources */,
				3294E9E72F8E5D9400F4BA51 /* Main.storyboard in Resources */,
				3294EA0D2F8E5D9400F4BA51 /* Style.css in Resources */,
			);
			runOnlyForDeploymentPostprocessing = 0;
		};
		3294E9EB2F8E5D9400F4BA51 /* Resources */ = {
			isa = PBXResourcesBuildPhase;
			buildActionMask = 2147483647;
			files = (
				3294EA0C2F8E5D9400F4BA51 /* Icon.png in Resources */,
				3294EA0E2F8E5D9400F4BA51 /* Style.css in Resources */,
				3294E9F32F8E5D9400F4BA51 /* Main.storyboard in Resources */,
				3294EA102F8E5D9400F4BA51 /* Script.js in Resources */,
				3294EA142F8E5D9400F4BA51 /* Assets.xcassets in Resources */,
				3294EA0A2F8E5D9400F4BA51 /* Main.html in Resources */,
			);
			runOnlyForDeploymentPostprocessing = 0;
		};
		3294E9F72F8E5D9400F4BA51 /* Resources */ = {
			isa = PBXResourcesBuildPhase;
			buildActionMask = 2147483647;
			files = (
				3294EA4A2F8E5D9400F4BA51 /* content-script-runtime.js in Resources */,
				3294EA502F8E5D9400F4BA51 /* content_script.js in Resources */,
				3294EA4B2F8E5D9400F4BA51 /* popup.html in Resources */,
				3294EA522F8E5D9400F4BA51 /* manifest.json in Resources */,
				3294EA542F8E5D9400F4BA51 /* content-script-runtime.test.js in Resources */,
				3294EA532F8E5D9400F4BA51 /* popup.test.js in Resources */,
				3294EA4E2F8E5D9400F4BA51 /* package-lock.json in Resources */,
				3294EA492F8E5D9400F4BA51 /* dist in Resources */,
				3294EA4F2F8E5D9400F4BA51 /* package.json in Resources */,
				3294EA4D2F8E5D9400F4BA51 /* scaffold.test.js in Resources */,
				3294EA4C2F8E5D9400F4BA51 /* node_modules in Resources */,
				3294EA462F8E5D9400F4BA51 /* popup.js in Resources */,
				3294EA512F8E5D9400F4BA51 /* icons in Resources */,
				3294EA482F8E5D9400F4BA51 /* background.js in Resources */,
				3294EA472F8E5D9400F4BA51 /* popup-model.js in Resources */,
			);
			runOnlyForDeploymentPostprocessing = 0;
		};
		3294EA012F8E5D9400F4BA51 /* Resources */ = {
			isa = PBXResourcesBuildPhase;
			buildActionMask = 2147483647;
			files = (
				3294EA3B2F8E5D9400F4BA51 /* content-script-runtime.js in Resources */,
				3294EA412F8E5D9400F4BA51 /* content_script.js in Resources */,
				3294EA3C2F8E5D9400F4BA51 /* popup.html in Resources */,
				3294EA432F8E5D9400F4BA51 /* manifest.json in Resources */,
				3294EA452F8E5D9400F4BA51 /* content-script-runtime.test.js in Resources */,
				3294EA442F8E5D9400F4BA51 /* popup.test.js in Resources */,
				3294EA3F2F8E5D9400F4BA51 /* package-lock.json in Resources */,
				3294EA3A2F8E5D9400F4BA51 /* dist in Resources */,
				3294EA402F8E5D9400F4BA51 /* package.json in Resources */,
				3294EA3E2F8E5D9400F4BA51 /* scaffold.test.js in Resources */,
				3294EA3D2F8E5D9400F4BA51 /* node_modules in Resources */,
				3294EA372F8E5D9400F4BA51 /* popup.js in Resources */,
				3294EA422F8E5D9400F4BA51 /* icons in Resources */,
				3294EA392F8E5D9400F4BA51 /* background.js in Resources */,
				3294EA382F8E5D9400F4BA51 /* popup-model.js in Resources */,
			);
			runOnlyForDeploymentPostprocessing = 0;
		};
/* End PBXResourcesBuildPhase section */

/* Begin PBXSourcesBuildPhase section */
		3294E9D72F8E5D9300F4BA51 /* Sources */ = {
			isa = PBXSourcesBuildPhase;
			buildActionMask = 2147483647;
			files = (
				3294EA112F8E5D9400F4BA51 /* ViewController.swift in Sources */,
				3294E9DF2F8E5D9400F4BA51 /* AppDelegate.swift in Sources */,
				3294E9E12F8E5D9400F4BA51 /* SceneDelegate.swift in Sources */,
			);
			runOnlyForDeploymentPostprocessing = 0;
		};
		3294E9E92F8E5D9400F4BA51 /* Sources */ = {
			isa = PBXSourcesBuildPhase;
			buildActionMask = 2147483647;
			files = (
				3294EA122F8E5D9400F4BA51 /* ViewController.swift in Sources */,
				3294E9F02F8E5D9400F4BA51 /* AppDelegate.swift in Sources */,
				3294EA552F8E5D9400F4BA51 /* FlowTonesPopoverView.swift in Sources */,
				3294EA562F8E5D9400F4BA51 /* MacMenuCommands.swift in Sources */,
				3294EA572F8E5D9400F4BA51 /* AudioManager.swift in Sources */,
				3294EA582F8E5D9400F4BA51 /* PlayerManager.swift in Sources */,
				3294EA592F8E5D9400F4BA51 /* ModeCard.swift in Sources */,
				3294EA5A2F8E5D9400F4BA51 /* FlowMode+UI.swift in Sources */,
				3294EA5B2F8E5D9400F4BA51 /* Color+Hex.swift in Sources */,
				3294EA5C2F8E5D9400F4BA51 /* BeatEngine.swift in Sources */,
			);
			runOnlyForDeploymentPostprocessing = 0;
		};
		3294E9F52F8E5D9400F4BA51 /* Sources */ = {
			isa = PBXSourcesBuildPhase;
			buildActionMask = 2147483647;
			files = (
				3294EA152F8E5D9400F4BA51 /* SafariWebExtensionHandler.swift in Sources */,
			);
			runOnlyForDeploymentPostprocessing = 0;
		};
		3294E9FF2F8E5D9400F4BA51 /* Sources */ = {
			isa = PBXSourcesBuildPhase;
			buildActionMask = 2147483647;
			files = (
				3294EA162F8E5D9400F4BA51 /* SafariWebExtensionHandler.swift in Sources */,
			);
			runOnlyForDeploymentPostprocessing = 0;
		};
/* End PBXSourcesBuildPhase section */

/* Begin PBXTargetDependency section */
		3294E9FC2F8E5D9400F4BA51 /* PBXTargetDependency */ = {
			isa = PBXTargetDependency;
			target = 3294E9F82F8E5D9400F4BA51 /* FlowTones Extension (iOS) */;
			targetProxy = 3294E9FB2F8E5D9400F4BA51 /* PBXContainerItemProxy */;
		};
		3294EA062F8E5D9400F4BA51 /* PBXTargetDependency */ = {
			isa = PBXTargetDependency;
			target = 3294EA022F8E5D9400F4BA51 /* FlowTones Extension (macOS) */;
			targetProxy = 3294EA052F8E5D9400F4BA51 /* PBXContainerItemProxy */;
		};
/* End PBXTargetDependency section */

/* Begin PBXVariantGroup section */
		3294E9CE2F8E5D9300F4BA51 /* Main.html */ = {
			isa = PBXVariantGroup;
			children = (
				3294E9CF2F8E5D9300F4BA51 /* Base */,
			);
			name = Main.html;
			sourceTree = "<group>";
		};
		3294E9E22F8E5D9400F4BA51 /* LaunchScreen.storyboard */ = {
			isa = PBXVariantGroup;
			children = (
				3294E9E32F8E5D9400F4BA51 /* Base */,
			);
			name = LaunchScreen.storyboard;
			sourceTree = "<group>";
		};
		3294E9E52F8E5D9400F4BA51 /* Main.storyboard */ = {
			isa = PBXVariantGroup;
			children = (
				3294E9E62F8E5D9400F4BA51 /* Base */,
			);
			name = Main.storyboard;
			sourceTree = "<group>";
		};
		3294E9F12F8E5D9400F4BA51 /* Main.storyboard */ = {
			isa = PBXVariantGroup;
			children = (
				3294E9F22F8E5D9400F4BA51 /* Base */,
			);
			name = Main.storyboard;
			sourceTree = "<group>";
		};
/* End PBXVariantGroup section */

/* Begin XCBuildConfiguration section */
		3294EA172F8E5D9400F4BA51 /* Debug */ = {
			isa = XCBuildConfiguration;
			buildSettings = {
				ALWAYS_SEARCH_USER_PATHS = NO;
				ASSETCATALOG_COMPILER_GENERATE_SWIFT_ASSET_SYMBOL_EXTENSIONS = YES;
				CLANG_ANALYZER_NONNULL = YES;
				CLANG_ANALYZER_NUMBER_OBJECT_CONVERSION = YES_AGGRESSIVE;
				CLANG_CXX_LANGUAGE_STANDARD = "gnu++20";
				CLANG_ENABLE_MODULES = YES;
				CLANG_ENABLE_OBJC_ARC = YES;
				CLANG_ENABLE_OBJC_WEAK = YES;
				CLANG_WARN_BLOCK_CAPTURE_AUTORELEASING = YES;
				CLANG_WARN_BOOL_CONVERSION = YES;
				CLANG_WARN_COMMA = YES;
				CLANG_WARN_CONSTANT_CONVERSION = YES;
				CLANG_WARN_DEPRECATED_OBJC_IMPLEMENTATIONS = YES;
				CLANG_WARN_DIRECT_OBJC_ISA_USAGE = YES_ERROR;
				CLANG_WARN_DOCUMENTATION_COMMENTS = YES;
				CLANG_WARN_EMPTY_BODY = YES;
				CLANG_WARN_ENUM_CONVERSION = YES;
				CLANG_WARN_INFINITE_RECURSION = YES;
				CLANG_WARN_INT_CONVERSION = YES;
				CLANG_WARN_NON_LITERAL_NULL_CONVERSION = YES;
				CLANG_WARN_OBJC_IMPLICIT_RETAIN_SELF = YES;
				CLANG_WARN_OBJC_LITERAL_CONVERSION = YES;
				CLANG_WARN_OBJC_ROOT_CLASS = YES_ERROR;
				CLANG_WARN_QUOTED_INCLUDE_IN_FRAMEWORK_HEADER = YES;
				CLANG_WARN_RANGE_LOOP_ANALYSIS = YES;
				CLANG_WARN_STRICT_PROTOTYPES = YES;
				CLANG_WARN_SUSPICIOUS_MOVE = YES;
				CLANG_WARN_UNGUARDED_AVAILABILITY = YES_AGGRESSIVE;
				CLANG_WARN_UNREACHABLE_CODE = YES;
				CLANG_WARN__DUPLICATE_METHOD_MATCH = YES;
				COPY_PHASE_STRIP = NO;
				DEBUG_INFORMATION_FORMAT = dwarf;
				ENABLE_STRICT_OBJC_MSGSEND = YES;
				ENABLE_TESTABILITY = YES;
				ENABLE_USER_SCRIPT_SANDBOXING = YES;
				GCC_C_LANGUAGE_STANDARD = gnu17;
				GCC_DYNAMIC_NO_PIC = NO;
				GCC_NO_COMMON_BLOCKS = YES;
				GCC_OPTIMIZATION_LEVEL = 0;
				GCC_PREPROCESSOR_DEFINITIONS = (
					"DEBUG=1",
					"$(inherited)",
				);
				GCC_WARN_64_TO_32_BIT_CONVERSION = YES;
				GCC_WARN_ABOUT_RETURN_TYPE = YES_ERROR;
				GCC_WARN_UNDECLARED_SELECTOR = YES;
				GCC_WARN_UNINITIALIZED_AUTOS = YES_AGGRESSIVE;
				GCC_WARN_UNUSED_FUNCTION = YES;
				GCC_WARN_UNUSED_VARIABLE = YES;
				LOCALIZATION_PREFERS_STRING_CATALOGS = YES;
				MTL_ENABLE_DEBUG_INFO = INCLUDE_SOURCE;
				MTL_FAST_MATH = YES;
				ONLY_ACTIVE_ARCH = YES;
				SWIFT_ACTIVE_COMPILATION_CONDITIONS = "DEBUG $(inherited)";
				SWIFT_OPTIMIZATION_LEVEL = "-Onone";
			};
			name = Debug;
		};
		3294EA182F8E5D9400F4BA51 /* Release */ = {
			isa = XCBuildConfiguration;
			buildSettings = {
				ALWAYS_SEARCH_USER_PATHS = NO;
				ASSETCATALOG_COMPILER_GENERATE_SWIFT_ASSET_SYMBOL_EXTENSIONS = YES;
				CLANG_ANALYZER_NONNULL = YES;
				CLANG_ANALYZER_NUMBER_OBJECT_CONVERSION = YES_AGGRESSIVE;
				CLANG_CXX_LANGUAGE_STANDARD = "gnu++20";
				CLANG_ENABLE_MODULES = YES;
				CLANG_ENABLE_OBJC_ARC = YES;
				CLANG_ENABLE_OBJC_WEAK = YES;
				CLANG_WARN_BLOCK_CAPTURE_AUTORELEASING = YES;
				CLANG_WARN_BOOL_CONVERSION = YES;
				CLANG_WARN_COMMA = YES;
				CLANG_WARN_CONSTANT_CONVERSION = YES;
				CLANG_WARN_DEPRECATED_OBJC_IMPLEMENTATIONS = YES;
				CLANG_WARN_DIRECT_OBJC_ISA_USAGE = YES_ERROR;
				CLANG_WARN_DOCUMENTATION_COMMENTS = YES;
				CLANG_WARN_EMPTY_BODY = YES;
				CLANG_WARN_ENUM_CONVERSION = YES;
				CLANG_WARN_INFINITE_RECURSION = YES;
				CLANG_WARN_INT_CONVERSION = YES;
				CLANG_WARN_NON_LITERAL_NULL_CONVERSION = YES;
				CLANG_WARN_OBJC_IMPLICIT_RETAIN_SELF = YES;
				CLANG_WARN_OBJC_LITERAL_CONVERSION = YES;
				CLANG_WARN_OBJC_ROOT_CLASS = YES_ERROR;
				CLANG_WARN_QUOTED_INCLUDE_IN_FRAMEWORK_HEADER = YES;
				CLANG_WARN_RANGE_LOOP_ANALYSIS = YES;
				CLANG_WARN_STRICT_PROTOTYPES = YES;
				CLANG_WARN_SUSPICIOUS_MOVE = YES;
				CLANG_WARN_UNGUARDED_AVAILABILITY = YES_AGGRESSIVE;
				CLANG_WARN_UNREACHABLE_CODE = YES;
				CLANG_WARN__DUPLICATE_METHOD_MATCH = YES;
				COPY_PHASE_STRIP = NO;
				DEBUG_INFORMATION_FORMAT = "dwarf-with-dsym";
				ENABLE_NS_ASSERTIONS = NO;
				ENABLE_STRICT_OBJC_MSGSEND = YES;
				ENABLE_USER_SCRIPT_SANDBOXING = YES;
				GCC_C_LANGUAGE_STANDARD = gnu17;
				GCC_NO_COMMON_BLOCKS = YES;
				GCC_WARN_64_TO_32_BIT_CONVERSION = YES;
				GCC_WARN_ABOUT_RETURN_TYPE = YES_ERROR;
				GCC_WARN_UNDECLARED_SELECTOR = YES;
				GCC_WARN_UNINITIALIZED_AUTOS = YES_AGGRESSIVE;
				GCC_WARN_UNUSED_FUNCTION = YES;
				GCC_WARN_UNUSED_VARIABLE = YES;
				LOCALIZATION_PREFERS_STRING_CATALOGS = YES;
				MTL_ENABLE_DEBUG_INFO = NO;
				MTL_FAST_MATH = YES;
				SWIFT_COMPILATION_MODE = wholemodule;
			};
			name = Release;
		};
		3294EA1A2F8E5D9400F4BA51 /* Debug */ = {
			isa = XCBuildConfiguration;
			buildSettings = {
				CODE_SIGN_STYLE = Automatic;
				CURRENT_PROJECT_VERSION = 1;
				GENERATE_INFOPLIST_FILE = YES;
				INFOPLIST_FILE = "iOS (Extension)/Info.plist";
				INFOPLIST_KEY_CFBundleDisplayName = "FlowTones Extension";
				INFOPLIST_KEY_NSHumanReadableCopyright = "";
				IPHONEOS_DEPLOYMENT_TARGET = 15.0;
				LD_RUNPATH_SEARCH_PATHS = (
					"$(inherited)",
					"@executable_path/Frameworks",
					"@executable_path/../../Frameworks",
				);
				MARKETING_VERSION = 1.0;
				OTHER_LDFLAGS = (
					"-framework",
					SafariServices,
				);
				PRODUCT_BUNDLE_IDENTIFIER = com.flowtones.safari.Extension;
				PRODUCT_NAME = "FlowTones Extension";
				SDKROOT = iphoneos;
				SKIP_INSTALL = YES;
				STRING_CATALOG_GENERATE_SYMBOLS = YES;
				SWIFT_APPROACHABLE_CONCURRENCY = YES;
				SWIFT_EMIT_LOC_STRINGS = YES;
				SWIFT_UPCOMING_FEATURE_MEMBER_IMPORT_VISIBILITY = YES;
				SWIFT_VERSION = 5.0;
				TARGETED_DEVICE_FAMILY = "1,2";
			};
			name = Debug;
		};
		3294EA1B2F8E5D9400F4BA51 /* Release */ = {
			isa = XCBuildConfiguration;
			buildSettings = {
				CODE_SIGN_STYLE = Automatic;
				CURRENT_PROJECT_VERSION = 1;
				GENERATE_INFOPLIST_FILE = YES;
				INFOPLIST_FILE = "iOS (Extension)/Info.plist";
				INFOPLIST_KEY_CFBundleDisplayName = "FlowTones Extension";
				INFOPLIST_KEY_NSHumanReadableCopyright = "";
				IPHONEOS_DEPLOYMENT_TARGET = 15.0;
				LD_RUNPATH_SEARCH_PATHS = (
					"$(inherited)",
					"@executable_path/Frameworks",
					"@executable_path/../../Frameworks",
				);
				MARKETING_VERSION = 1.0;
				OTHER_LDFLAGS = (
					"-framework",
					SafariServices,
				);
				PRODUCT_BUNDLE_IDENTIFIER = com.flowtones.safari.Extension;
				PRODUCT_NAME = "FlowTones Extension";
				SDKROOT = iphoneos;
				SKIP_INSTALL = YES;
				STRING_CATALOG_GENERATE_SYMBOLS = YES;
				SWIFT_APPROACHABLE_CONCURRENCY = YES;
				SWIFT_EMIT_LOC_STRINGS = YES;
				SWIFT_UPCOMING_FEATURE_MEMBER_IMPORT_VISIBILITY = YES;
				SWIFT_VERSION = 5.0;
				TARGETED_DEVICE_FAMILY = "1,2";
				VALIDATE_PRODUCT = YES;
			};
			name = Release;
		};
		3294EA1E2F8E5D9400F4BA51 /* Debug */ = {
			isa = XCBuildConfiguration;
			buildSettings = {
				ASSETCATALOG_COMPILER_APPICON_NAME = AppIcon;
				ASSETCATALOG_COMPILER_GLOBAL_ACCENT_COLOR_NAME = AccentColor;
				CODE_SIGN_STYLE = Automatic;
				CURRENT_PROJECT_VERSION = 1;
				GENERATE_INFOPLIST_FILE = YES;
				INFOPLIST_FILE = "iOS (App)/Info.plist";
				INFOPLIST_KEY_CFBundleDisplayName = FlowTones;
				INFOPLIST_KEY_UIApplicationSupportsIndirectInputEvents = YES;
				INFOPLIST_KEY_UILaunchStoryboardName = LaunchScreen;
				INFOPLIST_KEY_UIMainStoryboardFile = Main;
				INFOPLIST_KEY_UISupportedInterfaceOrientations = "UIInterfaceOrientationPortrait UIInterfaceOrientationLandscapeLeft UIInterfaceOrientationLandscapeRight";
				INFOPLIST_KEY_UISupportedInterfaceOrientations_iPad = "UIInterfaceOrientationPortrait UIInterfaceOrientationPortraitUpsideDown UIInterfaceOrientationLandscapeLeft UIInterfaceOrientationLandscapeRight";
				IPHONEOS_DEPLOYMENT_TARGET = 15.0;
				LD_RUNPATH_SEARCH_PATHS = (
					"$(inherited)",
					"@executable_path/Frameworks",
				);
				MARKETING_VERSION = 1.0;
				OTHER_LDFLAGS = (
					"-framework",
					SafariServices,
					"-framework",
					WebKit,
				);
				PRODUCT_BUNDLE_IDENTIFIER = com.flowtones.safari;
				PRODUCT_NAME = FlowTones;
				SDKROOT = iphoneos;
				STRING_CATALOG_GENERATE_SYMBOLS = YES;
				SWIFT_APPROACHABLE_CONCURRENCY = YES;
				SWIFT_EMIT_LOC_STRINGS = YES;
				SWIFT_UPCOMING_FEATURE_MEMBER_IMPORT_VISIBILITY = YES;
				SWIFT_VERSION = 5.0;
				TARGETED_DEVICE_FAMILY = "1,2";
			};
			name = Debug;
		};
		3294EA1F2F8E5D9400F4BA51 /* Release */ = {
			isa = XCBuildConfiguration;
			buildSettings = {
				ASSETCATALOG_COMPILER_APPICON_NAME = AppIcon;
				ASSETCATALOG_COMPILER_GLOBAL_ACCENT_COLOR_NAME = AccentColor;
				CODE_SIGN_STYLE = Automatic;
				CURRENT_PROJECT_VERSION = 1;
				GENERATE_INFOPLIST_FILE = YES;
				INFOPLIST_FILE = "iOS (App)/Info.plist";
				INFOPLIST_KEY_CFBundleDisplayName = FlowTones;
				INFOPLIST_KEY_UIApplicationSupportsIndirectInputEvents = YES;
				INFOPLIST_KEY_UILaunchStoryboardName = LaunchScreen;
				INFOPLIST_KEY_UIMainStoryboardFile = Main;
				INFOPLIST_KEY_UISupportedInterfaceOrientations = "UIInterfaceOrientationPortrait UIInterfaceOrientationLandscapeLeft UIInterfaceOrientationLandscapeRight";
				INFOPLIST_KEY_UISupportedInterfaceOrientations_iPad = "UIInterfaceOrientationPortrait UIInterfaceOrientationPortraitUpsideDown UIInterfaceOrientationLandscapeLeft UIInterfaceOrientationLandscapeRight";
				IPHONEOS_DEPLOYMENT_TARGET = 15.0;
				LD_RUNPATH_SEARCH_PATHS = (
					"$(inherited)",
					"@executable_path/Frameworks",
				);
				MARKETING_VERSION = 1.0;
				OTHER_LDFLAGS = (
					"-framework",
					SafariServices,
					"-framework",
					WebKit,
				);
				PRODUCT_BUNDLE_IDENTIFIER = com.flowtones.safari;
				PRODUCT_NAME = FlowTones;
				SDKROOT = iphoneos;
				STRING_CATALOG_GENERATE_SYMBOLS = YES;
				SWIFT_APPROACHABLE_CONCURRENCY = YES;
				SWIFT_EMIT_LOC_STRINGS = YES;
				SWIFT_UPCOMING_FEATURE_MEMBER_IMPORT_VISIBILITY = YES;
				SWIFT_VERSION = 5.0;
				TARGETED_DEVICE_FAMILY = "1,2";
				VALIDATE_PRODUCT = YES;
			};
			name = Release;
		};
		3294EA212F8E5D9400F4BA51 /* Debug */ = {
			isa = XCBuildConfiguration;
			buildSettings = {
				CODE_SIGN_STYLE = Automatic;
				CURRENT_PROJECT_VERSION = 1;
				ENABLE_APP_SANDBOX = YES;
				ENABLE_HARDENED_RUNTIME = YES;
				ENABLE_USER_SELECTED_FILES = readonly;
				GENERATE_INFOPLIST_FILE = YES;
				INFOPLIST_FILE = "macOS (Extension)/Info.plist";
				INFOPLIST_KEY_CFBundleDisplayName = "FlowTones Extension";
				INFOPLIST_KEY_NSHumanReadableCopyright = "";
				LD_RUNPATH_SEARCH_PATHS = (
					"$(inherited)",
					"@executable_path/../Frameworks",
					"@executable_path/../../../../Frameworks",
				);
				MACOSX_DEPLOYMENT_TARGET = 13.0;
				MARKETING_VERSION = 1.0;
				OTHER_LDFLAGS = (
					"-framework",
					SafariServices,
				);
				PRODUCT_BUNDLE_IDENTIFIER = com.flowtones.safari.Extension;
				PRODUCT_NAME = "FlowTones Extension";
				SDKROOT = macosx;
				SKIP_INSTALL = YES;
				STRING_CATALOG_GENERATE_SYMBOLS = YES;
				SWIFT_APPROACHABLE_CONCURRENCY = YES;
				SWIFT_EMIT_LOC_STRINGS = YES;
				SWIFT_UPCOMING_FEATURE_MEMBER_IMPORT_VISIBILITY = YES;
				SWIFT_VERSION = 5.0;
			};
			name = Debug;
		};
		3294EA222F8E5D9400F4BA51 /* Release */ = {
			isa = XCBuildConfiguration;
			buildSettings = {
				CODE_SIGN_STYLE = Automatic;
				CURRENT_PROJECT_VERSION = 1;
				ENABLE_APP_SANDBOX = YES;
				ENABLE_HARDENED_RUNTIME = YES;
				ENABLE_USER_SELECTED_FILES = readonly;
				GENERATE_INFOPLIST_FILE = YES;
				INFOPLIST_FILE = "macOS (Extension)/Info.plist";
				INFOPLIST_KEY_CFBundleDisplayName = "FlowTones Extension";
				INFOPLIST_KEY_NSHumanReadableCopyright = "";
				LD_RUNPATH_SEARCH_PATHS = (
					"$(inherited)",
					"@executable_path/../Frameworks",
					"@executable_path/../../../../Frameworks",
				);
				MACOSX_DEPLOYMENT_TARGET = 13.0;
				MARKETING_VERSION = 1.0;
				OTHER_LDFLAGS = (
					"-framework",
					SafariServices,
				);
				PRODUCT_BUNDLE_IDENTIFIER = com.flowtones.safari.Extension;
				PRODUCT_NAME = "FlowTones Extension";
				SDKROOT = macosx;
				SKIP_INSTALL = YES;
				STRING_CATALOG_GENERATE_SYMBOLS = YES;
				SWIFT_APPROACHABLE_CONCURRENCY = YES;
				SWIFT_EMIT_LOC_STRINGS = YES;
				SWIFT_UPCOMING_FEATURE_MEMBER_IMPORT_VISIBILITY = YES;
				SWIFT_VERSION = 5.0;
			};
			name = Release;
		};
		3294EA252F8E5D9400F4BA51 /* Debug */ = {
			isa = XCBuildConfiguration;
			buildSettings = {
				ASSETCATALOG_COMPILER_APPICON_NAME = AppIcon;
				ASSETCATALOG_COMPILER_GLOBAL_ACCENT_COLOR_NAME = AccentColor;
				CODE_SIGN_STYLE = Automatic;
				CURRENT_PROJECT_VERSION = 1;
				ENABLE_APP_SANDBOX = YES;
				ENABLE_HARDENED_RUNTIME = YES;
				ENABLE_OUTGOING_NETWORK_CONNECTIONS = YES;
				ENABLE_USER_SELECTED_FILES = readonly;
				GENERATE_INFOPLIST_FILE = YES;
				INFOPLIST_FILE = "macOS (App)/Info.plist";
				INFOPLIST_KEY_CFBundleDisplayName = FlowTones;
				INFOPLIST_KEY_NSPrincipalClass = NSApplication;
				LD_RUNPATH_SEARCH_PATHS = (
					"$(inherited)",
					"@executable_path/../Frameworks",
				);
				MACOSX_DEPLOYMENT_TARGET = 13.0;
				MARKETING_VERSION = 1.0;
				OTHER_LDFLAGS = (
					"-framework",
					SafariServices,
					"-framework",
					WebKit,
				);
				PRODUCT_BUNDLE_IDENTIFIER = com.flowtones.safari;
				PRODUCT_NAME = FlowTones;
				REGISTER_APP_GROUPS = YES;
				SDKROOT = macosx;
				STRING_CATALOG_GENERATE_SYMBOLS = YES;
				SWIFT_APPROACHABLE_CONCURRENCY = YES;
				SWIFT_DEFAULT_ACTOR_ISOLATION = MainActor;
				SWIFT_EMIT_LOC_STRINGS = YES;
				SWIFT_UPCOMING_FEATURE_MEMBER_IMPORT_VISIBILITY = YES;
				SWIFT_VERSION = 5.0;
			};
			name = Debug;
		};
		3294EA262F8E5D9400F4BA51 /* Release */ = {
			isa = XCBuildConfiguration;
			buildSettings = {
				ASSETCATALOG_COMPILER_APPICON_NAME = AppIcon;
				ASSETCATALOG_COMPILER_GLOBAL_ACCENT_COLOR_NAME = AccentColor;
				CODE_SIGN_STYLE = Automatic;
				CURRENT_PROJECT_VERSION = 1;
				ENABLE_APP_SANDBOX = YES;
				ENABLE_HARDENED_RUNTIME = YES;
				ENABLE_OUTGOING_NETWORK_CONNECTIONS = YES;
				ENABLE_USER_SELECTED_FILES = readonly;
				GENERATE_INFOPLIST_FILE = YES;
				INFOPLIST_FILE = "macOS (App)/Info.plist";
				INFOPLIST_KEY_CFBundleDisplayName = FlowTones;
				INFOPLIST_KEY_NSPrincipalClass = NSApplication;
				LD_RUNPATH_SEARCH_PATHS = (
					"$(inherited)",
					"@executable_path/../Frameworks",
				);
				MACOSX_DEPLOYMENT_TARGET = 13.0;
				MARKETING_VERSION = 1.0;
				OTHER_LDFLAGS = (
					"-framework",
					SafariServices,
					"-framework",
					WebKit,
				);
				PRODUCT_BUNDLE_IDENTIFIER = com.flowtones.safari;
				PRODUCT_NAME = FlowTones;
				REGISTER_APP_GROUPS = YES;
				SDKROOT = macosx;
				STRING_CATALOG_GENERATE_SYMBOLS = YES;
				SWIFT_APPROACHABLE_CONCURRENCY = YES;
				SWIFT_DEFAULT_ACTOR_ISOLATION = MainActor;
				SWIFT_EMIT_LOC_STRINGS = YES;
				SWIFT_UPCOMING_FEATURE_MEMBER_IMPORT_VISIBILITY = YES;
				SWIFT_VERSION = 5.0;
			};
			name = Release;
		};
/* End XCBuildConfiguration section */

/* Begin XCConfigurationList section */
		3294E9CB2F8E5D9300F4BA51 /* Build configuration list for PBXProject "FlowTones" */ = {
			isa = XCConfigurationList;
			buildConfigurations = (
				3294EA172F8E5D9400F4BA51 /* Debug */,
				3294EA182F8E5D9400F4BA51 /* Release */,
			);
			defaultConfigurationIsVisible = 0;
			defaultConfigurationName = Release;
		};
		3294EA192F8E5D9400F4BA51 /* Build configuration list for PBXNativeTarget "FlowTones Extension (iOS)" */ = {
			isa = XCConfigurationList;
			buildConfigurations = (
				3294EA1A2F8E5D9400F4BA51 /* Debug */,
				3294EA1B2F8E5D9400F4BA51 /* Release */,
			);
			defaultConfigurationIsVisible = 0;
			defaultConfigurationName = Release;
		};
		3294EA1D2F8E5D9400F4BA51 /* Build configuration list for PBXNativeTarget "FlowTones (iOS)" */ = {
			isa = XCConfigurationList;
			buildConfigurations = (
				3294EA1E2F8E5D9400F4BA51 /* Debug */,
				3294EA1F2F8E5D9400F4BA51 /* Release */,
			);
			defaultConfigurationIsVisible = 0;
			defaultConfigurationName = Release;
		};
		3294EA202F8E5D9400F4BA51 /* Build configuration list for PBXNativeTarget "FlowTones Extension (macOS)" */ = {
			isa = XCConfigurationList;
			buildConfigurations = (
				3294EA212F8E5D9400F4BA51 /* Debug */,
				3294EA222F8E5D9400F4BA51 /* Release */,
			);
			defaultConfigurationIsVisible = 0;
			defaultConfigurationName = Release;
		};
		3294EA242F8E5D9400F4BA51 /* Build configuration list for PBXNativeTarget "FlowTones (macOS)" */ = {
			isa = XCConfigurationList;
			buildConfigurations = (
				3294EA252F8E5D9400F4BA51 /* Debug */,
				3294EA262F8E5D9400F4BA51 /* Release */,
			);
			defaultConfigurationIsVisible = 0;
			defaultConfigurationName = Release;
		};
/* End XCConfigurationList section */
	};
	rootObject = 3294E9C82F8E5D9300F4BA51 /* Project object */;
}
